{
  "name": "frontend",
  "version": "0.1.0",
  "lockfileVersion": 1,
  "requires": true,
  "dependencies": {
    "@babel/runtime": {
      "version": "7.15.3",
      "resolved": "https://registry.npmjs.org/@babel/runtime/-/runtime-7.15.3.tgz",
      "integrity": "sha512-OvwMLqNXkCXSz1kSm58sEsNuhqOx/fKpnUnKnFB5v8uDda5bLNEHNgKPvhDN6IU0LDcnHQ90LlJ0Q6jnyBSIBA==",
      "dev": true,
      "requires": {
        "regenerator-runtime": "^0.13.4"
      }
    },
    "@types/i18next-fs-backend": {
      "version": "1.0.1",
      "resolved": "https://registry.npmjs.org/@types/i18next-fs-backend/-/i18next-fs-backend-1.0.1.tgz",
      "integrity": "sha512-zJDqz/xg3j2qJNr4t+fUgGEC30Xq/rqM8iF8sraN/nBVwIoItcpUwc/Wvwqs9pEgNpDgZ0PXRoWhoicwozSM3g==",
      "dev": true,
      "requires": {
        "i18next": "^19.7.0"
      }
    },
    "i18next": {
      "version": "19.9.2",
      "resolved": "https://registry.npmjs.org/i18next/-/i18next-19.9.2.tgz",
      "integrity": "sha512-0i6cuo6ER6usEOtKajUUDj92zlG+KArFia0857xxiEHAQcUwh/RtOQocui1LPJwunSYT574Pk64aNva1kwtxZg==",
      "dev": true,
      "requires": {
        "@babel/runtime": "^7.12.0"
      }
    },
    "regenerator-runtime": {
      "version": "0.13.9",
      "resolved": "https://registry.npmjs.org/regenerator-runtime/-/regenerator-runtime-0.13.9.tgz",
      "integrity": "sha512-p3VT+cOEgxFsRRA9X4lkI1E+k2/CtnKtU4gcxyaCUreilL/vqI6CdZ3wxVUx3UOUg+gnUOQQcRI7BmSI656MYA==",
      "dev": true
    }
  }
}
